
Microsoft Visual Studio Solution File, Format Version 12.00
# Visual Studio Version 17
VisualStudioVersion = 17.7.34031.279
MinimumVisualStudioVersion = 10.0.40219.1
Project("{2150E333-8FDC-42A3-9474-1A3956D46DE8}") = "src", "src", "{057BAF76-DEF8-4A89-89CF-2C377C47B946}"
EndProject
Project("{2150E333-8FDC-42A3-9474-1A3956D46DE8}") = "Adapters", "Adapters", "{021EBB64-E2F7-4F89-9358-C2F065328DB7}"
EndProject
Project("{2150E333-8FDC-42A3-9474-1A3956D46DE8}") = "Core", "Core", "{0D2EBA29-C952-457D-AC8E-113042EA06FB}"
EndProject
Project("{2150E333-8FDC-42A3-9474-1A3956D46DE8}") = "Driven", "Driven", "{37EDC2C4-AD54-497B-839D-A2AAAA0811F2}"
EndProject
Project("{2150E333-8FDC-42A3-9474-1A3956D46DE8}") = "Driving", "Driving", "{5C9FDDEA-DFCF-49F1-A036-5915724211E2}"
EndProject
Project("{2150E333-8FDC-42A3-9474-1A3956D46DE8}") = "Tests", "Tests", "{75D8BE0D-044A-485D-A1FA-0AD296535DE6}"
EndProject
Project("{2150E333-8FDC-42A3-9474-1A3956D46DE8}") = "Itens de Solução", "Itens de Solução", "{569245F3-FC34-47D5-BAE0-BE6B8A5916A1}"
EndProject
Project("{9A19103F-16F7-4668-BE54-9A1E7A4F7556}") = "QuickOrder.Adapters.Driven.MongoDB", "Adapters\Driven\Infra.MongoDB\QuickOrder.Adapters.Driven.MongoDB.csproj", "{E3C196D5-D1B4-41A1-B575-BD9FA6F5BBDA}"
EndProject
Project("{9A19103F-16F7-4668-BE54-9A1E7A4F7556}") = "QuickOrder.Adapters.Driven.PostgresDB", "Adapters\Driven\Infra.PostgresDB\QuickOrder.Adapters.Driven.PostgresDB.csproj", "{F5E870FC-F2FE-4EF2-9971-D06ED786B8ED}"
EndProject
Project("{9A19103F-16F7-4668-BE54-9A1E7A4F7556}") = "QuickOrder.Adapters.Driven.ServiceBus", "Adapters\Driven\Infra.ServiceBus\QuickOrder.Adapters.Driven.ServiceBus.csproj", "{21332EBC-EEC0-48AA-8220-95DD6723D240}"
EndProject
Project("{9A19103F-16F7-4668-BE54-9A1E7A4F7556}") = "QuickOrder.Adapters.Driving.Api", "Adapters\Driving\Api\QuickOrder.Adapters.Driving.Api.csproj", "{69BFF531-F034-46E5-AB4D-FE4DA175E1E5}"
EndProject
Project("{9A19103F-16F7-4668-BE54-9A1E7A4F7556}") = "QuickOrder.Core.Application", "Core\Application\QuickOrder.Core.Application.csproj", "{3103EA1C-2941-4F4B-BA0E-0FEA707BB5F5}"
EndProject
Project("{9A19103F-16F7-4668-BE54-9A1E7A4F7556}") = "QuickOrder.Core.Domain", "Core\Domain\QuickOrder.Core.Domain.csproj", "{CD3B9EAD-7A20-441F-9780-489F6CFE2C61}"
EndProject
Project("{9A19103F-16F7-4668-BE54-9A1E7A4F7556}") = "Domain.Tests", "..\tests\Domain.Tests\Domain.Tests.csproj", "{A7CE4E48-A871-4FBB-BF04-BFDAF1A6005E}"
EndProject
Project("{9A19103F-16F7-4668-BE54-9A1E7A4F7556}") = "QuickOrder.Core.IoC", "Core\IoC\QuickOrder.Core.IoC.csproj", "{55F01792-2B19-410A-B4F2-3E3EAAA32AE6}"
EndProject
Project("{E53339B2-1760-4266-BCC7-CA923CBCF16C}") = "docker-compose", "docker-compose.dcproj", "{333C0BE3-2258-44E3-9777-D792484DBC45}"
EndProject
Project("{9A19103F-16F7-4668-BE54-9A1E7A4F7556}") = "QuickOrder.Adapters.Driven.MercadoPago", "Adapters\Driven\Infra.MercadoPago\QuickOrder.Adapters.Driven.MercadoPago.csproj", "{E59AC058-1AAB-4B48-AF39-FE86DE2CE073}"
EndProject
Global
	GlobalSection(SolutionConfigurationPlatforms) = preSolution
		Debug|Any CPU = Debug|Any CPU
		Release|Any CPU = Release|Any CPU
	EndGlobalSection
	GlobalSection(ProjectConfigurationPlatforms) = postSolution
		{E3C196D5-D1B4-41A1-B575-BD9FA6F5BBDA}.Debug|Any CPU.ActiveCfg = Debug|Any CPU
		{E3C196D5-D1B4-41A1-B575-BD9FA6F5BBDA}.Debug|Any CPU.Build.0 = Debug|Any CPU
		{E3C196D5-D1B4-41A1-B575-BD9FA6F5BBDA}.Release|Any CPU.ActiveCfg = Release|Any CPU
		{E3C196D5-D1B4-41A1-B575-BD9FA6F5BBDA}.Release|Any CPU.Build.0 = Release|Any CPU
		{F5E870FC-F2FE-4EF2-9971-D06ED786B8ED}.Debug|Any CPU.ActiveCfg = Debug|Any CPU
		{F5E870FC-F2FE-4EF2-9971-D06ED786B8ED}.Debug|Any CPU.Build.0 = Debug|Any CPU
		{F5E870FC-F2FE-4EF2-9971-D06ED786B8ED}.Release|Any CPU.ActiveCfg = Release|Any CPU
		{F5E870FC-F2FE-4EF2-9971-D06ED786B8ED}.Release|Any CPU.Build.0 = Release|Any CPU
		{21332EBC-EEC0-48AA-8220-95DD6723D240}.Debug|Any CPU.ActiveCfg = Debug|Any CPU
		{21332EBC-EEC0-48AA-8220-95DD6723D240}.Debug|Any CPU.Build.0 = Debug|Any CPU
		{21332EBC-EEC0-48AA-8220-95DD6723D240}.Release|Any CPU.ActiveCfg = Release|Any CPU
		{21332EBC-EEC0-48AA-8220-95DD6723D240}.Release|Any CPU.Build.0 = Release|Any CPU
		{69BFF531-F034-46E5-AB4D-FE4DA175E1E5}.Debug|Any CPU.ActiveCfg = Debug|Any CPU
		{69BFF531-F034-46E5-AB4D-FE4DA175E1E5}.Debug|Any CPU.Build.0 = Debug|Any CPU
		{69BFF531-F034-46E5-AB4D-FE4DA175E1E5}.Release|Any CPU.ActiveCfg = Release|Any CPU
		{69BFF531-F034-46E5-AB4D-FE4DA175E1E5}.Release|Any CPU.Build.0 = Release|Any CPU
		{3103EA1C-2941-4F4B-BA0E-0FEA707BB5F5}.Debug|Any CPU.ActiveCfg = Debug|Any CPU
		{3103EA1C-2941-4F4B-BA0E-0FEA707BB5F5}.Debug|Any CPU.Build.0 = Debug|Any CPU
		{3103EA1C-2941-4F4B-BA0E-0FEA707BB5F5}.Release|Any CPU.ActiveCfg = Release|Any CPU
		{3103EA1C-2941-4F4B-BA0E-0FEA707BB5F5}.Release|Any CPU.Build.0 = Release|Any CPU
		{CD3B9EAD-7A20-441F-9780-489F6CFE2C61}.Debug|Any CPU.ActiveCfg = Debug|Any CPU
		{CD3B9EAD-7A20-441F-9780-489F6CFE2C61}.Debug|Any CPU.Build.0 = Debug|Any CPU
		{CD3B9EAD-7A20-441F-9780-489F6CFE2C61}.Release|Any CPU.ActiveCfg = Release|Any CPU
		{CD3B9EAD-7A20-441F-9780-489F6CFE2C61}.Release|Any CPU.Build.0 = Release|Any CPU
		{A7CE4E48-A871-4FBB-BF04-BFDAF1A6005E}.Debug|Any CPU.ActiveCfg = Debug|Any CPU
		{A7CE4E48-A871-4FBB-BF04-BFDAF1A6005E}.Debug|Any CPU.Build.0 = Debug|Any CPU
		{A7CE4E48-A871-4FBB-BF04-BFDAF1A6005E}.Release|Any CPU.ActiveCfg = Release|Any CPU
		{A7CE4E48-A871-4FBB-BF04-BFDAF1A6005E}.Release|Any CPU.Build.0 = Release|Any CPU
		{55F01792-2B19-410A-B4F2-3E3EAAA32AE6}.Debug|Any CPU.ActiveCfg = Debug|Any CPU
		{55F01792-2B19-410A-B4F2-3E3EAAA32AE6}.Debug|Any CPU.Build.0 = Debug|Any CPU
		{55F01792-2B19-410A-B4F2-3E3EAAA32AE6}.Release|Any CPU.ActiveCfg = Release|Any CPU
		{55F01792-2B19-410A-B4F2-3E3EAAA32AE6}.Release|Any CPU.Build.0 = Release|Any CPU
		{333C0BE3-2258-44E3-9777-D792484DBC45}.Debug|Any CPU.ActiveCfg = Debug|Any CPU
		{333C0BE3-2258-44E3-9777-D792484DBC45}.Debug|Any CPU.Build.0 = Debug|Any CPU
		{333C0BE3-2258-44E3-9777-D792484DBC45}.Release|Any CPU.ActiveCfg = Release|Any CPU
		{333C0BE3-2258-44E3-9777-D792484DBC45}.Release|Any CPU.Build.0 = Release|Any CPU
		{E59AC058-1AAB-4B48-AF39-FE86DE2CE073}.Debug|Any CPU.ActiveCfg = Debug|Any CPU
		{E59AC058-1AAB-4B48-AF39-FE86DE2CE073}.Debug|Any CPU.Build.0 = Debug|Any CPU
		{E59AC058-1AAB-4B48-AF39-FE86DE2CE073}.Release|Any CPU.ActiveCfg = Release|Any CPU
		{E59AC058-1AAB-4B48-AF39-FE86DE2CE073}.Release|Any CPU.Build.0 = Release|Any CPU
	EndGlobalSection
	GlobalSection(SolutionProperties) = preSolution
		HideSolutionNode = FALSE
	EndGlobalSection
	GlobalSection(NestedProjects) = preSolution
		{021EBB64-E2F7-4F89-9358-C2F065328DB7} = {057BAF76-DEF8-4A89-89CF-2C377C47B946}
		{0D2EBA29-C952-457D-AC8E-113042EA06FB} = {057BAF76-DEF8-4A89-89CF-2C377C47B946}
		{37EDC2C4-AD54-497B-839D-A2AAAA0811F2} = {021EBB64-E2F7-4F89-9358-C2F065328DB7}
		{5C9FDDEA-DFCF-49F1-A036-5915724211E2} = {021EBB64-E2F7-4F89-9358-C2F065328DB7}
		{E3C196D5-D1B4-41A1-B575-BD9FA6F5BBDA} = {37EDC2C4-AD54-497B-839D-A2AAAA0811F2}
		{F5E870FC-F2FE-4EF2-9971-D06ED786B8ED} = {37EDC2C4-AD54-497B-839D-A2AAAA0811F2}
		{21332EBC-EEC0-48AA-8220-95DD6723D240} = {37EDC2C4-AD54-497B-839D-A2AAAA0811F2}
		{69BFF531-F034-46E5-AB4D-FE4DA175E1E5} = {5C9FDDEA-DFCF-49F1-A036-5915724211E2}
		{3103EA1C-2941-4F4B-BA0E-0FEA707BB5F5} = {0D2EBA29-C952-457D-AC8E-113042EA06FB}
		{CD3B9EAD-7A20-441F-9780-489F6CFE2C61} = {0D2EBA29-C952-457D-AC8E-113042EA06FB}
		{A7CE4E48-A871-4FBB-BF04-BFDAF1A6005E} = {75D8BE0D-044A-485D-A1FA-0AD296535DE6}
		{55F01792-2B19-410A-B4F2-3E3EAAA32AE6} = {0D2EBA29-C952-457D-AC8E-113042EA06FB}
		{333C0BE3-2258-44E3-9777-D792484DBC45} = {569245F3-FC34-47D5-BAE0-BE6B8A5916A1}
		{E59AC058-1AAB-4B48-AF39-FE86DE2CE073} = {37EDC2C4-AD54-497B-839D-A2AAAA0811F2}
	EndGlobalSection
	GlobalSection(ExtensibilityGlobals) = postSolution
		SolutionGuid = {047CCB14-0855-45B5-AA42-1FEE0C154A72}
	EndGlobalSection
EndGlobal
